{
  "version": "2",
  "remote": {
    "https://deno.land/std@0.136.0/fmt/colors.ts": "30455035d6d728394781c10755351742dd731e3db6771b1843f9b9e490104d37",
    "https://deno.land/std@0.136.0/testing/_diff.ts": "d8743b5c15d34eb58ae7e4ad43295ee1c7a935029b460a056d901f3aefcead45",
    "https://deno.land/std@0.136.0/testing/_format.ts": "0d8dc79eab15b67cdc532826213bbe05bccfd276ca473a50a3fc7bbfb7260642",
    "https://deno.land/std@0.136.0/testing/asserts.ts": "61d85fc80f548a6e1e66d93fb7874a2c9e097aeecc00643c5f4f340370cde56f",
    "https://deno.land/x/b64@1.1.25/dist/base64.min.mjs": "1ee1f0776c0a2038fc8496b470a2651d2f5b604319eaa7daf300548526f95c93",
    "https://deno.land/x/cbor@v1.4.0/decode.js": "1fc8b14da13e4be709c9e120814cb9cd661b5052db5fcaa05811b31fa4ae8e08",
    "https://deno.land/x/cbor@v1.4.0/encode.js": "fc5068300e225c779f6a5fbf9bbaf74cb9b432f86e832c4f5db484767421bdae",
    "https://deno.land/x/cbor@v1.4.0/index.js?module": "4119830fb6d106ec2a369442042803d57cff13cbc76f6aefc2f871aeb6e6bef5",
    "https://deno.land/x/cbor@v1.4.0/iterators.js": "744e0469fe37c33bab3787608ced2f2cda014cb9352b3adbd949a2701f043aea",
    "https://deno.land/x/jose@v4.10.0/index.ts?module": "5e551713b783fa8658c4e09e8029ba31fc99cb3fc82e9434067708015c26eefb",
    "https://deno.land/x/jose@v4.10.0/jwe/compact/decrypt.ts": "7e3ccd37be00f7e2f7bb762e59c1abc0bf60eef8940aee71d327a1cc3706fb72",
    "https://deno.land/x/jose@v4.10.0/jwe/compact/encrypt.ts": "38225f701ede22fb87bcb73636c51fb1a66127ae981a8a726db3366fcf4490cb",
    "https://deno.land/x/jose@v4.10.0/jwe/flattened/decrypt.ts": "140e2bb36d020384900b7fabc9822dec45eb5ece63e0bb8c4115c371c562b42e",
    "https://deno.land/x/jose@v4.10.0/jwe/flattened/encrypt.ts": "943f65bcc7031a0e088c62656e2b5c17803c1a17323ec3332c767edde9b6e167",
    "https://deno.land/x/jose@v4.10.0/jwe/general/decrypt.ts": "f62252403bf37a6dbd24756dcb18e1214d4596115fdfcb747a032efe9c703aa6",
    "https://deno.land/x/jose@v4.10.0/jwe/general/encrypt.ts": "3eb125e38626e873b8c8a57968b07bba74443b4952c4c6ddb5fd62837076110d",
    "https://deno.land/x/jose@v4.10.0/jwk/embedded.ts": "e78526e63c035bcfc7da9ffa4ea19c95f9dbf5d9e61ae1b7e8d99a6dcf027166",
    "https://deno.land/x/jose@v4.10.0/jwk/thumbprint.ts": "b2b9549d94f1c23c36a2a5a0e85db64bfe0afa5c33aa7e5f3e7e36f34e385c04",
    "https://deno.land/x/jose@v4.10.0/jwks/local.ts": "f733e3d06820ed0653a81558625c06a45caf1b900dae104d5a7918d35aaf5eb8",
    "https://deno.land/x/jose@v4.10.0/jwks/remote.ts": "b2bee8166c294dc7be8ec6f82d70de3caa3330fa2c0e2899039207a9d5bb2959",
    "https://deno.land/x/jose@v4.10.0/jws/compact/sign.ts": "6368a6a9bfd1776b82b39d593f3270d0f60bee31ed9d391a20edb8292124e6d0",
    "https://deno.land/x/jose@v4.10.0/jws/compact/verify.ts": "64da9b44db007eca3964c33376e52d5febf28ea4286bc1aa8c85b98e43a6b56c",
    "https://deno.land/x/jose@v4.10.0/jws/flattened/sign.ts": "a5d73da31d06d72918a2b38321354fbe26af7ef60f824ce9515678f34836d12e",
    "https://deno.land/x/jose@v4.10.0/jws/flattened/verify.ts": "48a8b37decea4f5be509c41c4c473f70153c20dd618c1623a1f134cdf43f9259",
    "https://deno.land/x/jose@v4.10.0/jws/general/sign.ts": "a354d33a57d0ad8be12e80dba3a8d4825eeb54e79a24d769711c02a05f751e9c",
    "https://deno.land/x/jose@v4.10.0/jws/general/verify.ts": "23d8f6105d9d3ebe459f8f553e60531c252746efab94b36ef3c3fb1bb39b8526",
    "https://deno.land/x/jose@v4.10.0/jwt/decrypt.ts": "120e806ec8e75ed2294f426b265ee1cd27b5c9238b530f2fe6c671ae80762cbc",
    "https://deno.land/x/jose@v4.10.0/jwt/encrypt.ts": "fc5a0fa8941a60518f1b03f10ad0db79abee34cb83b04b4d5073d025242ab3e7",
    "https://deno.land/x/jose@v4.10.0/jwt/produce.ts": "cbc9e4e82dcdff533ace77403ec3fcd2f74b089abf472631aa697be9f981947e",
    "https://deno.land/x/jose@v4.10.0/jwt/sign.ts": "6e88ed2196c8f89f87f077afe0dfb30a0c2815b29367f5c9ef9cabdbbe47e14f",
    "https://deno.land/x/jose@v4.10.0/jwt/unsecured.ts": "25b7d69be137cb611232ec3c1c0974bdc7b444353f870662b0b9ab95dc7d72c2",
    "https://deno.land/x/jose@v4.10.0/jwt/verify.ts": "1f64d479c3fde210cd176f6f593ce0843e88c88acc3d3dfb8502ab1cfea997de",
    "https://deno.land/x/jose@v4.10.0/key/export.ts": "251debc31e08c3dad98911a6d52882f689f60203390d1ac2f6aa08413a22a478",
    "https://deno.land/x/jose@v4.10.0/key/generate_key_pair.ts": "06f26d8ba095ad16a2fcb4e871634efed1bc35c201b97a08a220b0decd7d7dda",
    "https://deno.land/x/jose@v4.10.0/key/generate_secret.ts": "08111eada9db10cbefaf1cb0fccfadf414f7b0ce0a98dd09355ec93cd07044a6",
    "https://deno.land/x/jose@v4.10.0/key/import.ts": "3e3a8f80ffd8c1cc7b2960d1d842727951ac990664f38190bb3c4424d0e459c3",
    "https://deno.land/x/jose@v4.10.0/lib/aesgcmkw.ts": "9415c556597be41a4a2f7203fd32fb00d1f06b6b2cfef70d481acec39c7807d6",
    "https://deno.land/x/jose@v4.10.0/lib/buffer_utils.ts": "dad65c92c9baef14cd5366a4131252afa7a5b4f3a068d0244e2df8660ea2bd8e",
    "https://deno.land/x/jose@v4.10.0/lib/cek.ts": "a474becfe1c2d86fbcf3a24cdcd96274beb8d61bd17926e5f345001f39df922b",
    "https://deno.land/x/jose@v4.10.0/lib/check_iv_length.ts": "118eb531167126c8421d71a21f2cfdc10a658c933e178b33395ef3e962c54f80",
    "https://deno.land/x/jose@v4.10.0/lib/check_key_type.ts": "81f5a2c3764464d2b917a1c55c6011d312184e8c68e43bee51565c2db1b166c4",
    "https://deno.land/x/jose@v4.10.0/lib/check_p2s.ts": "2f5549e121c43019ac85a3bb3fe8cb98a397122dcaa80f3cd8bf5fcf314e1f67",
    "https://deno.land/x/jose@v4.10.0/lib/crypto_key.ts": "8bb4add7702867d299638494ee6657af4ba65282a6a58cd799b9d9384cbe3075",
    "https://deno.land/x/jose@v4.10.0/lib/decrypt_key_management.ts": "25553575fa7fb97576cd010ff7d22025b566c75f43406aba5fb0c5b9c56a2e51",
    "https://deno.land/x/jose@v4.10.0/lib/encrypt_key_management.ts": "ec08f264e7dde341171d6272e9db639ae3718cc7047b3117735ab960d9bd01d4",
    "https://deno.land/x/jose@v4.10.0/lib/epoch.ts": "cd608f73f6c100e8156c6020ec2bce6757e01759793f0d6aab23908d3d2ea933",
    "https://deno.land/x/jose@v4.10.0/lib/format_pem.ts": "b5230682e7a89609238015b77f33afd248f3e0f69bcb5895eece2f86d83100f6",
    "https://deno.land/x/jose@v4.10.0/lib/invalid_key_input.ts": "9ca81c899000c18cf1b70ab8221f39b306cc153663e748190307e284fd47ab6a",
    "https://deno.land/x/jose@v4.10.0/lib/is_disjoint.ts": "b5ea1cb260899f5cfb04f032029956e637067714a275d13be429fc53287a4b17",
    "https://deno.land/x/jose@v4.10.0/lib/is_object.ts": "43549ddc51a3b3d4c22b953b191a961fbb61fb5081e8efb88ad075afa1f4d214",
    "https://deno.land/x/jose@v4.10.0/lib/iv.ts": "4766d9ad87b478bb7344094f38c8561181b72f8678edd1b5226d1e0f9ab677fc",
    "https://deno.land/x/jose@v4.10.0/lib/jwt_claims_set.ts": "be81b6b239e5cbc4ca5e7ca67dc0a468bac48331bc5e0da911953e2aee41f6c1",
    "https://deno.land/x/jose@v4.10.0/lib/secs.ts": "03a2f02fda0f76bf431734552a947c2916c699b904ae0d2f90a415931c30e66d",
    "https://deno.land/x/jose@v4.10.0/lib/validate_algorithms.ts": "6b20f4b5f6935cd9edcd6eb2128226144ba792eaa7c47966c666a51baf1682eb",
    "https://deno.land/x/jose@v4.10.0/lib/validate_crit.ts": "6d2b43959ddf432060505ef13af32cb1bf0daff815ef1eae4d7971629566a695",
    "https://deno.land/x/jose@v4.10.0/runtime/aeskw.ts": "a9bd412c6d07b2606520972671a545cdb205f79f0a2e9ec0fb145fb2147319e1",
    "https://deno.land/x/jose@v4.10.0/runtime/asn1.ts": "73bf5ce334687fbfc004da41c04e97733758533ac85661af56d211046755d2d2",
    "https://deno.land/x/jose@v4.10.0/runtime/base64url.ts": "74ecb18b90de56bcc4424b6c911cfe49b56dd4a316978f5c8ee9a23560069636",
    "https://deno.land/x/jose@v4.10.0/runtime/bogus.ts": "4f1c967b0d9b4e7105e16ad8c173da55708f377ee5e201d8ee5fc613f3417f08",
    "https://deno.land/x/jose@v4.10.0/runtime/check_cek_length.ts": "2ee093fcb273602449ed7863ab6bd4dd2a7aeff99507e0573e3cd4b8d8099e5d",
    "https://deno.land/x/jose@v4.10.0/runtime/check_key_length.ts": "5656870cc4460602775134280bf46f17e27100b237bdb5c687aceabeffc8f2a2",
    "https://deno.land/x/jose@v4.10.0/runtime/decrypt.ts": "fc24eadefce13095a4012972a1552f148d9d12d8ed7d1f17ed7c87e00810335f",
    "https://deno.land/x/jose@v4.10.0/runtime/digest.ts": "cee73fad56ce596ffedc56811d174ab413e7981eb847eb67c0e77f213cc2ac2d",
    "https://deno.land/x/jose@v4.10.0/runtime/ecdhes.ts": "74a6f43dde87736179d814312b010087bea0c834f51adc9a93f79664f78cb75f",
    "https://deno.land/x/jose@v4.10.0/runtime/encrypt.ts": "50d400ab152e2d66bffccf7473545097dd69894bc05508530260c8bc0d811638",
    "https://deno.land/x/jose@v4.10.0/runtime/env.ts": "86ff1bc7bda93b6eac6ed4412b6d0675c286b45cf16b8aa839612840f1f95d38",
    "https://deno.land/x/jose@v4.10.0/runtime/fetch_jwks.ts": "34b71aa6bbd51984d1009792499ea17133dcb11bf2f2d8fba60e8090d900fc20",
    "https://deno.land/x/jose@v4.10.0/runtime/generate.ts": "1e1f417e9c5ec6d2a85d508c963c5a837806b2ae654d504f9a5c4e966eca33a6",
    "https://deno.land/x/jose@v4.10.0/runtime/get_sign_verify_key.ts": "f08a086524491a54fb2a0e203819d4ca2b193444aecf6dfbaf6d400431cb439c",
    "https://deno.land/x/jose@v4.10.0/runtime/interfaces.d.ts": "19de45286493ae3cf3c8a920190aff2e58edf0b8cbac20591e970ec0e510a91f",
    "https://deno.land/x/jose@v4.10.0/runtime/is_key_like.ts": "d9660a40820d254843721a53b51eb94a4db39a1ee36103ea8c28e2cc2207599b",
    "https://deno.land/x/jose@v4.10.0/runtime/jwk_to_key.ts": "5d706e2a24f8bc6be48544fb86662c4bc4224d4ba6ee5bc353e1dc3c35106ef7",
    "https://deno.land/x/jose@v4.10.0/runtime/key_to_jwk.ts": "2af6f52abbe59316fa96771da48538c8f718b6fdd8703d185f8a87ef44c0f064",
    "https://deno.land/x/jose@v4.10.0/runtime/pbes2kw.ts": "1c424aade1ef8c69f0b9db635ff04d873f7c1b2615c7fbef49ee053704912e9d",
    "https://deno.land/x/jose@v4.10.0/runtime/random.ts": "3e9c8d08208e5dc186ae659535f0018303ff3b56615335bf0dfb5904fe36aab7",
    "https://deno.land/x/jose@v4.10.0/runtime/rsaes.ts": "124b6e87d8569b39d6f550b371303c79e9eb28aa0d9b14025eeaffe50282c987",
    "https://deno.land/x/jose@v4.10.0/runtime/sign.ts": "1524f8855538ca5fd607cd681f804ba421b0ec58f562118f3c635324ba053f90",
    "https://deno.land/x/jose@v4.10.0/runtime/subtle_dsa.ts": "764e1b6afccc9c82b831c23fe50875e6faf9c209badd54f37c24588a4505641b",
    "https://deno.land/x/jose@v4.10.0/runtime/subtle_rsaes.ts": "26147da83932ebf7266d69ddd408f269395de05ddde64ba4e1585571bb61bd93",
    "https://deno.land/x/jose@v4.10.0/runtime/timing_safe_equal.ts": "fc5b3f4132cec56630eac4677fef2b519707a9c6a257f8ae86515b0d86ff5f6b",
    "https://deno.land/x/jose@v4.10.0/runtime/verify.ts": "d391e2286b47485247b475016c66999f5146a1cf8331115385a9ba629251c15e",
    "https://deno.land/x/jose@v4.10.0/runtime/webcrypto.ts": "3365b7d62eaa7e6befe5e2f4f67aa7859805c41b87064433b6e70f94501aa36e",
    "https://deno.land/x/jose@v4.10.0/runtime/zlib.ts": "74a4c85d1a6e523282ae927412d58e6789a8d7264b4e966a7df800a97f28a1e1",
    "https://deno.land/x/jose@v4.10.0/types.d.ts": "f292228de7632eaa4b8860f9580c7e9cff4e389908b5c618ae0e50e60f0b944c",
    "https://deno.land/x/jose@v4.10.0/util/base64url.ts": "d2567042684de8bf1e4f1ad67be40ab343ee192ddf1cf12ff1d940d6c1fa2bcb",
    "https://deno.land/x/jose@v4.10.0/util/decode_jwt.ts": "a63c61cd436d1bebab7d88bb905873d92b466774af71396e78f9158e8e7db315",
    "https://deno.land/x/jose@v4.10.0/util/decode_protected_header.ts": "7e202a0d6eec103e03fbd5c97a9b0a5db3e1ce06c428ee57fd8792f96edb31be",
    "https://deno.land/x/jose@v4.10.0/util/errors.ts": "8e23fd03923354b71332fc1266ba796f7795ad946133da77b2d0cc688fc2bcc3",
    "https://deno.land/x/punycode@v2.1.1/punycode.js": "3de0ad931f4637cdcc2bd600d831ef3cd20dd0876e1c54d5ab438f81c123489d",
    "https://deno.land/x/test_suite@0.16.1/describe.ts": "c0c944d8e4fba4c54f168ba8799aca4ffabe7cdecfac28c5dbaf0d1f8b345df1",
    "https://deno.land/x/test_suite@0.16.1/mod.ts": "16dd20330261d5de4a0b4f85676329eb77679649d01e6468898883e527c9e133",
    "https://deno.land/x/test_suite@0.16.1/test_suite.ts": "7854f0ab37d920355fe2e1a2c386f104601449eb93fcf537dafe30d6915a32d4",
    "https://unpkg.com/asn1js@3.0.5/build/index.es.js?module": "48ff8d0f461a86989dfe5ce8133d9732517697c93e343a8e3e8d8511d95c5eeb",
    "https://unpkg.com/bytestreamjs@2.0.1/build/mjs/bit.js?module": "b7df5624b5bd088751caaa569e122f6052ebafcb1857c3b5d829c00637009e83",
    "https://unpkg.com/bytestreamjs@2.0.1/build/mjs/bit_stream.js?module": "531ec71e608c47bd2be88a60a716bc06b6e61d16ca8bf038e52f16152025b906",
    "https://unpkg.com/bytestreamjs@2.0.1/build/mjs/byte_stream.js?module": "ae94869d120cc9c62648d22a0c8358a38749b412e802d1fee0f17277f8f79650",
    "https://unpkg.com/bytestreamjs@2.0.1/build/mjs/helpers.js?module": "cad67cd361f8625aab190c46f6e2c3ed559de5f29d1dfe2aa45515723de62650",
    "https://unpkg.com/bytestreamjs@2.0.1/build/mjs/index.js?module": "b28479744cbecb01cb69c4a49a8797d670ba4189270504a12b366d3bff9afc63",
    "https://unpkg.com/bytestreamjs@2.0.1/build/mjs/seq_bit_stream.js?module": "85d9f73fefdfba00d037a13e5605a3db43852b38d47e65d55a55d2acd6259b7b",
    "https://unpkg.com/bytestreamjs@2.0.1/build/mjs/seq_stream.js?module": "aa84f1a692c6a4244d493592318b14302c6c4753cf0fef58186c5cd4556a2591",
    "https://unpkg.com/pkijs@3.0.8/build/index.es.js?module": "80dfc1328831f3a9f7f206d59c70b787d7d30ac9be0fe6bb3bf64af0a2befcc8",
    "https://unpkg.com/pvtsutils@1.3.2/build/index.es.js?module": "82e3289330c5ab2b1485084ef8bc621329bf817126951252cb336e619e322ecb",
    "https://unpkg.com/pvutils@1.1.3/build/utils.es.js?module": "6def4dab26340f2056fde9711dbf595396b64d53c720268b9f9a73c46940206f",
    "https://unpkg.com/tldts@5.7.92/dist/index.esm.min.js": "8057e95c833e1fdc6c6e6ec1b4b4e06fc541984815e43ef38504c45015847a4b"
  }
}
